dependencies:
- name: postgresql
  repository: https://charts.bitnami.com/bitnami
  version: 11.8.1
- name: mariadb
  repository: https://charts.bitnami.com/bitnami
  version: 11.2.1
- name: redis
  repository: https://charts.bitnami.com/bitnami
  version: 17.1.2
digest: sha256:5267d9a889602ca22a874691d6eeec2f890bf35a6eaf88a089a95960604902e9
generated: "2022-08-26T16:08:17.456504673+02:00"
